
Microsoft Visual Studio Solution File, Format Version 12.00
# Visual Studio 15
VisualStudioVersion = 15.0.27428.1
MinimumVisualStudioVersion = 10.0.40219.1
Project("{FAE04EC0-301F-11D3-BF4B-00C04F79EFBC}") = "zencodeguy.ExcelImporter", "zencodeguy.ExcelImporter\zencodeguy.ExcelImporter.csproj", "{9117BCD9-A4A8-4846-9804-C0FB5E3CF536}"
EndProject
Project("{2150E333-8FDC-42A3-9474-1A3956D46DE8}") = "Solution Items", "Solution Items", "{40826FC5-CADA-4658-A6AB-9AF6CFD6440B}"
	ProjectSection(SolutionItems) = preProject
		.gitignore = .gitignore
	EndProjectSection
EndProject
Project("{FAE04EC0-301F-11D3-BF4B-00C04F79EFBC}") = "zencodeguy.ExcelImporter.Tests", "zencodeguy.ExcelImporter.Tests\zencodeguy.ExcelImporter.Tests.csproj", "{21AD5AFE-AD29-43B5-9F8F-4F1C71F7F569}"
EndProject
Global
	GlobalSection(SolutionConfigurationPlatforms) = preSolution
		Debug|Any CPU = Debug|Any CPU
		Release|Any CPU = Release|Any CPU
	EndGlobalSection
	GlobalSection(ProjectConfigurationPlatforms) = postSolution
		{9117BCD9-A4A8-4846-9804-C0FB5E3CF536}.Debug|Any CPU.ActiveCfg = Debug|Any CPU
		{9117BCD9-A4A8-4846-9804-C0FB5E3CF536}.Debug|Any CPU.Build.0 = Debug|Any CPU
		{9117BCD9-A4A8-4846-9804-C0FB5E3CF536}.Release|Any CPU.ActiveCfg = Release|Any CPU
		{9117BCD9-A4A8-4846-9804-C0FB5E3CF536}.Release|Any CPU.Build.0 = Release|Any CPU
		{21AD5AFE-AD29-43B5-9F8F-4F1C71F7F569}.Debug|Any CPU.ActiveCfg = Debug|Any CPU
		{21AD5AFE-AD29-43B5-9F8F-4F1C71F7F569}.Debug|Any CPU.Build.0 = Debug|Any CPU
		{21AD5AFE-AD29-43B5-9F8F-4F1C71F7F569}.Release|Any CPU.ActiveCfg = Release|Any CPU
		{21AD5AFE-AD29-43B5-9F8F-4F1C71F7F569}.Release|Any CPU.Build.0 = Release|Any CPU
	EndGlobalSection
	GlobalSection(SolutionProperties) = preSolution
		HideSolutionNode = FALSE
	EndGlobalSection
	GlobalSection(ExtensibilityGlobals) = postSolution
		SolutionGuid = {CD3470C9-B49B-47D2-B992-11F92DDA17C6}
	EndGlobalSection
EndGlobal
